lockfileVersion: '6.1'

settings:
  autoInstallPeers: true
  excludeLinksFromLockfile: false

dependencies:
  '@unocss/core':
    specifier: ^0.50.4
    version: 0.50.4

devDependencies:
  '@warp-ds/uno':
    specifier: ^1.0.0-alpha.36
    version: 1.0.0-alpha.36

packages:

  /@unocss/core@0.50.4:
    resolution: {integrity: sha512-k/8CdnO4w7f+QdvCpS3U5y6xApC4odiErkBKCCaGgBqOWkuTSL92TiBnffSEA2WepGm1+Mv4urIk20ocKYxbUQ==}
    dev: false

  /@unocss/core@0.50.8:
    resolution: {integrity: sha512-rWmyeNE0Na8dJPDynLVar0X22qMHFNhO+/F2FZDpG4tubTavXJJo9uvhZr/D381kiWxt+XZ38y6EAD4UMdBqMA==}
    dev: true

  /@unocss/preset-mini@0.50.8:
    resolution: {integrity: sha512-/4sbOdyaqJMvFkw1xzo2+h6bZJHw6WCYw1mF+f0ydHzj8ruvwaj9ClDDOweW5cdrk3wzDzRZ6NPRahKqLwv6/Q==}
    dependencies:
      '@unocss/core': 0.50.8
    dev: true

  /@warp-ds/uno@1.0.0-alpha.36:
    resolution: {integrity: sha512-oHs+3qWxMfhwI6AUD4R0E2l0LzuNVHp9WqOewap/+Gi7mloCIpnDVIVXZWzvj81KkuDdm3rPMTWwBuqTNzSH8g==}
    dependencies:
      '@unocss/core': 0.50.8
      '@unocss/preset-mini': 0.50.8
    dev: true
