lockfileVersion: 5.4

specifiers:
  '@unocss/core': ^0.49.4
  '@warp-ds/uno': ^0.0.9

dependencies:
  '@unocss/core': 0.49.4

devDependencies:
  '@warp-ds/uno': 0.0.9

packages:

  /@unocss/core/0.49.4:
    resolution: {integrity: sha512-1RNV+KBgRo0uuaa5Etwc5cfxkdhJelIXRFz3LeXBOU4dIrTzBAMr352M+oZ/nnkbnAROGf3icTE0UcmSaCA2RQ==}

  /@unocss/preset-mini/0.49.4:
    resolution: {integrity: sha512-GsVKBRi2BbliEic7SfdY2AG03T+wEOd3yZOY+NtwEJ9Z/hwb1zRQHiizDuyth0E3FCHVfZkk9C0/WXy8Z1Qj3g==}
    dependencies:
      '@unocss/core': 0.49.4
    dev: true

  /@warp-ds/uno/0.0.9:
    resolution: {integrity: sha512-OqIvx5dbH+840jXQxy+9k7puN7xuIZA5cGr6cPIC+h+2r8XJbV3Nb1mYtKV7zXbmKCUMwDSJKxUXrhKylftH5A==}
    dependencies:
      '@unocss/core': 0.49.4
      '@unocss/preset-mini': 0.49.4
    dev: true
